// !$*UTF8*$!
{
	archiveVersion = 1;
	classes = {
	};
	objectVersion = 51;
	objects = {

/* Begin PBXBuildFile section */
		211198D3B9B37A870912A73C /* Pods_flixter_flixterUITests.framework in Frameworks */ = {isa = PBXBuildFile; fileRef = 974763594C6653085ABF72E1 /* Pods_flixter_flixterUITests.framework */; };
		4F0E11E924FEF260000E70EC /* AppDelegate.swift in Sources */ = {isa = PBXBuildFile; fileRef = 4F0E11E824FEF260000E70EC /* AppDelegate.swift */; };
		4F0E11EB24FEF260000E70EC /* SceneDelegate.swift in Sources */ = {isa = PBXBuildFile; fileRef = 4F0E11EA24FEF260000E70EC /* SceneDelegate.swift */; };
		4F0E11F024FEF260000E70EC /* Main.storyboard in Resources */ = {isa = PBXBuildFile; fileRef = 4F0E11EE24FEF260000E70EC /* Main.storyboard */; };
		4F0E11F224FEF262000E70EC /* Assets.xcassets in Resources */ = {isa = PBXBuildFile; fileRef = 4F0E11F124FEF262000E70EC /* Assets.xcassets */; };
		4F0E11F524FEF262000E70EC /* LaunchScreen.storyboard in Resources */ = {isa = PBXBuildFile; fileRef = 4F0E11F324FEF262000E70EC /* LaunchScreen.storyboard */; };
		4F0E120024FEF263000E70EC /* flixterTests.swift in Sources */ = {isa = PBXBuildFile; fileRef = 4F0E11FF24FEF263000E70EC /* flixterTests.swift */; };
		4F0E120B24FEF263000E70EC /* flixterUITests.swift in Sources */ = {isa = PBXBuildFile; fileRef = 4F0E120A24FEF263000E70EC /* flixterUITests.swift */; };
		4F0E121924FEF612000E70EC /* MoviesViewController.swift in Sources */ = {isa = PBXBuildFile; fileRef = 4F0E121824FEF612000E70EC /* MoviesViewController.swift */; };
		4F0E121B24FF0817000E70EC /* MovieCell.swift in Sources */ = {isa = PBXBuildFile; fileRef = 4F0E121A24FF0817000E70EC /* MovieCell.swift */; };
		6ABAD05049A547949E8A9FDE /* Pods_flixter.framework in Frameworks */ = {isa = PBXBuildFile; fileRef = D3E9C787C525BC89B3B801F1 /* Pods_flixter.framework */; };
		70406F4C9E41846A9607947D /* Pods_flixterTests.framework in Frameworks */ = {isa = PBXBuildFile; fileRef = 8C44373AC1C43A527601F6C3 /* Pods_flixterTests.framework */; };
/* End PBXBuildFile section */

/* Begin PBXContainerItemProxy section */
		4F0E11FC24FEF263000E70EC /* PBXContainerItemProxy */ = {
			isa = PBXContainerItemProxy;
			containerPortal = 4F0E11DD24FEF260000E70EC /* Project object */;
			proxyType = 1;
			remoteGlobalIDString = 4F0E11E424FEF260000E70EC;
			remoteInfo = flixter;
		};
		4F0E120724FEF263000E70EC /* PBXContainerItemProxy */ = {
			isa = PBXContainerItemProxy;
			containerPortal = 4F0E11DD24FEF260000E70EC /* Project object */;
			proxyType = 1;
			remoteGlobalIDString = 4F0E11E424FEF260000E70EC;
			remoteInfo = flixter;
		};
/* End PBXContainerItemProxy section */

/* Begin PBXFileReference section */
		20CB8922CD799B023BD84683 /* Pods-flixter-flixterUITests.debug.xcconfig */ = {isa = PBXFileReference; includeInIndex = 1; lastKnownFileType = text.xcconfig; name = "Pods-flixter-flixterUITests.debug.xcconfig"; path = "Target Support Files/Pods-flixter-flixterUITests/Pods-flixter-flixterUITests.debug.xcconfig"; sourceTree = "<group>"; };
		4F0E11E524FEF260000E70EC /* flixter.app */ = {isa = PBXFileReference; explicitFileType = wrapper.application; includeInIndex = 0; path = flixter.app; sourceTree = BUILT_PRODUCTS_DIR; };
		4F0E11E824FEF260000E70EC /* AppDelegate.swift */ = {isa = PBXFileReference; lastKnownFileType = sourcecode.swift; path = AppDelegate.swift; sourceTree = "<group>"; };
		4F0E11EA24FEF260000E70EC /* SceneDelegate.swift */ = {isa = PBXFileReference; lastKnownFileType = sourcecode.swift; path = SceneDelegate.swift; sourceTree = "<group>"; };
		4F0E11EF24FEF260000E70EC /* Base */ = {isa = PBXFileReference; lastKnownFileType = file.storyboard; name = Base; path = Base.lproj/Main.storyboard; sourceTree = "<group>"; };
		4F0E11F124FEF262000E70EC /* Assets.xcassets */ = {isa = PBXFileReference; lastKnownFileType = folder.assetcatalog; path = Assets.xcassets; sourceTree = "<group>"; };
		4F0E11F424FEF262000E70EC /* Base */ = {isa = PBXFileReference; lastKnownFileType = file.storyboard; name = Base; path = Base.lproj/LaunchScreen.storyboard; sourceTree = "<group>"; };
		4F0E11F624FEF262000E70EC /* Info.plist */ = {isa = PBXFileReference; lastKnownFileType = text.plist.xml; path = Info.plist; sourceTree = "<group>"; };
		4F0E11FB24FEF263000E70EC /* flixterTests.xctest */ = {isa = PBXFileReference; explicitFileType = wrapper.cfbundle; includeInIndex = 0; path = flixterTests.xctest; sourceTree = BUILT_PRODUCTS_DIR; };
		4F0E11FF24FEF263000E70EC /* flixterTests.swift */ = {isa = PBXFileReference; lastKnownFileType = sourcecode.swift; path = flixterTests.swift; sourceTree = "<group>"; };
		4F0E120124FEF263000E70EC /* Info.plist */ = {isa = PBXFileReference; lastKnownFileType = text.plist.xml; path = Info.plist; sourceTree = "<group>"; };
		4F0E120624FEF263000E70EC /* flixterUITests.xctest */ = {isa = PBXFileReference; explicitFileType = wrapper.cfbundle; includeInIndex = 0; path = flixterUITests.xctest; sourceTree = BUILT_PRODUCTS_DIR; };
		4F0E120A24FEF263000E70EC /* flixterUITests.swift */ = {isa = PBXFileReference; lastKnownFileType = sourcecode.swift; path = flixterUITests.swift; sourceTree = "<group>"; };
		4F0E120C24FEF263000E70EC /* Info.plist */ = {isa = PBXFileReference; lastKnownFileType = text.plist.xml; path = Info.plist; sourceTree = "<group>"; };
		4F0E121824FEF612000E70EC /* MoviesViewController.swift */ = {isa = PBXFileReference; lastKnownFileType = sourcecode.swift; path = MoviesViewController.swift; sourceTree = "<group>"; };
		4F0E121A24FF0817000E70EC /* MovieCell.swift */ = {isa = PBXFileReference; lastKnownFileType = sourcecode.swift; path = MovieCell.swift; sourceTree = "<group>"; };
		4F4526D124FF1EC8001A3FD7 /* Alamofire.framework */ = {isa = PBXFileReference; explicitFileType = wrapper.framework; path = Alamofire.framework; sourceTree = BUILT_PRODUCTS_DIR; };
		4F4526D224FF1EC8001A3FD7 /* AlamofireImage.framework */ = {isa = PBXFileReference; explicitFileType = wrapper.framework; path = AlamofireImage.framework; sourceTree = BUILT_PRODUCTS_DIR; };
		724BD0B25472D094E7A68AD6 /* Pods-flixterTests.debug.xcconfig */ = {isa = PBXFileReference; includeInIndex = 1; lastKnownFileType = text.xcconfig; name = "Pods-flixterTests.debug.xcconfig"; path = "Target Support Files/Pods-flixterTests/Pods-flixterTests.debug.xcconfig"; sourceTree = "<group>"; };
		8C44373AC1C43A527601F6C3 /* Pods_flixterTests.framework */ = {isa = PBXFileReference; explicitFileType = wrapper.framework; includeInIndex = 0; path = Pods_flixterTests.framework; sourceTree = BUILT_PRODUCTS_DIR; };
		974763594C6653085ABF72E1 /* Pods_flixter_flixterUITests.framework */ = {isa = PBXFileReference; explicitFileType = wrapper.framework; includeInIndex = 0; path = Pods_flixter_flixterUITests.framework; sourceTree = BUILT_PRODUCTS_DIR; };
		AE99E6B16D1DCEFB7E602472 /* Pods-flixter.debug.xcconfig */ = {isa = PBXFileReference; includeInIndex = 1; lastKnownFileType = text.xcconfig; name = "Pods-flixter.debug.xcconfig"; path = "Target Support Files/Pods-flixter/Pods-flixter.debug.xcconfig"; sourceTree = "<group>"; };
		BED7F3F3748A1F28BDBF064A /* Pods-flixterTests.release.xcconfig */ = {isa = PBXFileReference; includeInIndex = 1; lastKnownFileType = text.xcconfig; name = "Pods-flixterTests.release.xcconfig"; path = "Target Support Files/Pods-flixterTests/Pods-flixterTests.release.xcconfig"; sourceTree = "<group>"; };
		C4825EAA2F1FC18F3BFFE3F2 /* Pods-flixter-flixterUITests.release.xcconfig */ = {isa = PBXFileReference; includeInIndex = 1; lastKnownFileType = text.xcconfig; name = "Pods-flixter-flixterUITests.release.xcconfig"; path = "Target Support Files/Pods-flixter-flixterUITests/Pods-flixter-flixterUITests.release.xcconfig"; sourceTree = "<group>"; };
		D3E9C787C525BC89B3B801F1 /* Pods_flixter.framework */ = {isa = PBXFileReference; explicitFileType = wrapper.framework; includeInIndex = 0; path = Pods_flixter.framework; sourceTree = BUILT_PRODUCTS_DIR; };
		EE6F11668361799EE467BFD7 /* Pods-flixter.release.xcconfig */ = {isa = PBXFileReference; includeInIndex = 1; lastKnownFileType = text.xcconfig; name = "Pods-flixter.release.xcconfig"; path = "Target Support Files/Pods-flixter/Pods-flixter.release.xcconfig"; sourceTree = "<group>"; };
/* End PBXFileReference section */

/* Begin PBXFrameworksBuildPhase section */
		4F0E11E224FEF260000E70EC /* Frameworks */ = {
			isa = PBXFrameworksBuildPhase;
			buildActionMask = 2147483647;
			files = (
				6ABAD05049A547949E8A9FDE /* Pods_flixter.framework in Frameworks */,
			);
			runOnlyForDeploymentPostprocessing = 0;
		};
		4F0E11F824FEF263000E70EC /* Frameworks */ = {
			isa = PBXFrameworksBuildPhase;
			buildActionMask = 2147483647;
			files = (
				70406F4C9E41846A9607947D /* Pods_flixterTests.framework in Frameworks */,
			);
			runOnlyForDeploymentPostprocessing = 0;
		};
		4F0E120324FEF263000E70EC /* Frameworks */ = {
			isa = PBXFrameworksBuildPhase;
			buildActionMask = 2147483647;
			files = (
				211198D3B9B37A870912A73C /* Pods_flixter_flixterUITests.framework in Frameworks */,
			);
			runOnlyForDeploymentPostprocessing = 0;
		};
/* End PBXFrameworksBuildPhase section */

/* Begin PBXGroup section */
		3C7F5015D8EC230D9FE5CB9C /* Frameworks */ = {
			isa = PBXGroup;
			children = (
				4F4526D124FF1EC8001A3FD7 /* Alamofire.framework */,
				4F4526D224FF1EC8001A3FD7 /* AlamofireImage.framework */,
				D3E9C787C525BC89B3B801F1 /* Pods_flixter.framework */,
				974763594C6653085ABF72E1 /* Pods_flixter_flixterUITests.framework */,
				8C44373AC1C43A527601F6C3 /* Pods_flixterTests.framework */,
			);
			name = Frameworks;
			sourceTree = "<group>";
		};
		4F0E11DC24FEF260000E70EC = {
			isa = PBXGroup;
			children = (
				4F0E11E724FEF260000E70EC /* flixter */,
				4F0E11FE24FEF263000E70EC /* flixterTests */,
				4F0E120924FEF263000E70EC /* flixterUITests */,
				4F0E11E624FEF260000E70EC /* Products */,
				51A2472E0FDC93F21B47EF44 /* Pods */,
				3C7F5015D8EC230D9FE5CB9C /* Frameworks */,
			);
			sourceTree = "<group>";
		};
		4F0E11E624FEF260000E70EC /* Products */ = {
			isa = PBXGroup;
			children = (
				4F0E11E524FEF260000E70EC /* flixter.app */,
				4F0E11FB24FEF263000E70EC /* flixterTests.xctest */,
				4F0E120624FEF263000E70EC /* flixterUITests.xctest */,
			);
			name = Products;
			sourceTree = "<group>";
		};
		4F0E11E724FEF260000E70EC /* flixter */ = {
			isa = PBXGroup;
			children = (
				4F0E11E824FEF260000E70EC /* AppDelegate.swift */,
				4F0E11EA24FEF260000E70EC /* SceneDelegate.swift */,
				4F0E11EE24FEF260000E70EC /* Main.storyboard */,
				4F0E121A24FF0817000E70EC /* MovieCell.swift */,
				4F0E11F124FEF262000E70EC /* Assets.xcassets */,
				4F0E11F324FEF262000E70EC /* LaunchScreen.storyboard */,
				4F0E11F624FEF262000E70EC /* Info.plist */,
				4F0E121824FEF612000E70EC /* MoviesViewController.swift */,
			);
			path = flixter;
			sourceTree = "<group>";
		};
		4F0E11FE24FEF263000E70EC /* flixterTests */ = {
			isa = PBXGroup;
			children = (
				4F0E11FF24FEF263000E70EC /* flixterTests.swift */,
				4F0E120124FEF263000E70EC /* Info.plist */,
			);
			path = flixterTests;
			sourceTree = "<group>";
		};
		4F0E120924FEF263000E70EC /* flixterUITests */ = {
			isa = PBXGroup;
			children = (
				4F0E120A24FEF263000E70EC /* flixterUITests.swift */,
				4F0E120C24FEF263000E70EC /* Info.plist */,
			);
			path = flixterUITests;
			sourceTree = "<group>";
		};
		51A2472E0FDC93F21B47EF44 /* Pods */ = {
			isa = PBXGroup;
			children = (
				AE99E6B16D1DCEFB7E602472 /* Pods-flixter.debug.xcconfig */,
				EE6F11668361799EE467BFD7 /* Pods-flixter.release.xcconfig */,
				20CB8922CD799B023BD84683 /* Pods-flixter-flixterUITests.debug.xcconfig */,
				C4825EAA2F1FC18F3BFFE3F2 /* Pods-flixter-flixterUITests.release.xcconfig */,
				724BD0B25472D094E7A68AD6 /* Pods-flixterTests.debug.xcconfig */,
				BED7F3F3748A1F28BDBF064A /* Pods-flixterTests.release.xcconfig */,
			);
			path = Pods;
			sourceTree = "<group>";
		};
/* End PBXGroup section */

/* Begin PBXNativeTarget section */
		4F0E11E424FEF260000E70EC /* flixter */ = {
			isa = PBXNativeTarget;
			buildConfigurationList = 4F0E120F24FEF263000E70EC /* Build configuration list for PBXNativeTarget "flixter" */;
			buildPhases = (
				2083D562C02ECEF78FAE2595 /* [CP] Check Pods Manifest.lock */,
				4F0E11E124FEF260000E70EC /* Sources */,
				4F0E11E224FEF260000E70EC /* Frameworks */,
				4F0E11E324FEF260000E70EC /* Resources */,
				3B379BBD4E1D0CFEE6870BAE /* [CP] Embed Pods Frameworks */,
			);
			buildRules = (
			);
			dependencies = (
			);
			name = flixter;
			productName = flixter;
			productReference = 4F0E11E524FEF260000E70EC /* flixter.app */;
			productType = "com.apple.product-type.application";
		};
		4F0E11FA24FEF263000E70EC /* flixterTests */ = {
			isa = PBXNativeTarget;
			buildConfigurationList = 4F0E121224FEF263000E70EC /* Build configuration list for PBXNativeTarget "flixterTests" */;
			buildPhases = (
				698B67F460CF6D38C52CD181 /* [CP] Check Pods Manifest.lock */,
				4F0E11F724FEF263000E70EC /* Sources */,
				4F0E11F824FEF263000E70EC /* Frameworks */,
				4F0E11F924FEF263000E70EC /* Resources */,
			);
			buildRules = (
			);
			dependencies = (
				4F0E11FD24FEF263000E70EC /* PBXTargetDependency */,
			);
			name = flixterTests;
			productName = flixterTests;
			productReference = 4F0E11FB24FEF263000E70EC /* flixterTests.xctest */;
			productType = "com.apple.product-type.bundle.unit-test";
		};
		4F0E120524FEF263000E70EC /* flixterUITests */ = {
			isa = PBXNativeTarget;
			buildConfigurationList = 4F0E121524FEF263000E70EC /* Build configuration list for PBXNativeTarget "flixterUITests" */;
			buildPhases = (
				EE097D16396A790E5DFBEED5 /* [CP] Check Pods Manifest.lock */,
				4F0E120224FEF263000E70EC /* Sources */,
				4F0E120324FEF263000E70EC /* Frameworks */,
				4F0E120424FEF263000E70EC /* Resources */,
				CBF6E314A110C83A68EBE18E /* [CP] Embed Pods Frameworks */,
			);
			buildRules = (
			);
			dependencies = (
				4F0E120824FEF263000E70EC /* PBXTargetDependency */,
			);
			name = flixterUITests;
			productName = flixterUITests;
			productReference = 4F0E120624FEF263000E70EC /* flixterUITests.xctest */;
			productType = "com.apple.product-type.bundle.ui-testing";
		};
/* End PBXNativeTarget section */

/* Begin PBXProject section */
		4F0E11DD24FEF260000E70EC /* Project object */ = {
			isa = PBXProject;
			attributes = {
				LastSwiftUpdateCheck = 1130;
				LastUpgradeCheck = 1130;
				ORGANIZATIONNAME = Codepath;
				TargetAttributes = {
					4F0E11E424FEF260000E70EC = {
						CreatedOnToolsVersion = 11.3.1;
					};
					4F0E11FA24FEF263000E70EC = {
						CreatedOnToolsVersion = 11.3.1;
						TestTargetID = 4F0E11E424FEF260000E70EC;
					};
					4F0E120524FEF263000E70EC = {
						CreatedOnToolsVersion = 11.3.1;
						TestTargetID = 4F0E11E424FEF260000E70EC;
					};
				};
			};
			buildConfigurationList = 4F0E11E024FEF260000E70EC /* Build configuration list for PBXProject "flixter" */;
			compatibilityVersion = "Xcode 9.3";
			developmentRegion = en;
			hasScannedForEncodings = 0;
			knownRegions = (
				en,
				Base,
			);
			mainGroup = 4F0E11DC24FEF260000E70EC;
			productRefGroup = 4F0E11E624FEF260000E70EC /* Products */;
			projectDirPath = "";
			projectRoot = "";
			targets = (
				4F0E11E424FEF260000E70EC /* flixter */,
				4F0E11FA24FEF263000E70EC /* flixterTests */,
				4F0E120524FEF263000E70EC /* flixterUITests */,
			);
		};
/* End PBXProject section */

/* Begin PBXResourcesBuildPhase section */
		4F0E11E324FEF260000E70EC /* Resources */ = {
			isa = PBXResourcesBuildPhase;
			buildActionMask = 2147483647;
			files = (
				4F0E11F524FEF262000E70EC /* LaunchScreen.storyboard in Resources */,
				4F0E11F224FEF262000E70EC /* Assets.xcassets in Resources */,
				4F0E11F024FEF260000E70EC /* Main.storyboard in Resources */,
			);
			runOnlyForDeploymentPostprocessing = 0;
		};
		4F0E11F924FEF263000E70EC /* Resources */ = {
			isa = PBXResourcesBuildPhase;
			buildActionMask = 2147483647;
			files = (
			);
			runOnlyForDeploymentPostprocessing = 0;
		};
		4F0E120424FEF263000E70EC /* Resources */ = {
			isa = PBXResourcesBuildPhase;
			buildActionMask = 2147483647;
			files = (
			);
			runOnlyForDeploymentPostprocessing = 0;
		};
/* End PBXResourcesBuildPhase section */

/* Begin PBXShellScriptBuildPhase section */
		2083D562C02ECEF78FAE2595 /* [CP] Check Pods Manifest.lock */ = {
			isa = PBXShellScriptBuildPhase;
			buildActionMask = 2147483647;
			files = (
			);
			inputFileListPaths = (
			);
			inputPaths = (
				"${PODS_PODFILE_DIR_PATH}/Podfile.lock",
				"${PODS_ROOT}/Manifest.lock",
			);
			name = "[CP] Check Pods Manifest.lock";
			outputFileListPaths = (
			);
			outputPaths = (
				"$(DERIVED_FILE_DIR)/Pods-flixter-checkManifestLockResult.txt",
			);
			runOnlyForDeploymentPostprocessing = 0;
			shellPath = /bin/sh;
			shellScript = "diff \"${PODS_PODFILE_DIR_PATH}/Podfile.lock\" \"${PODS_ROOT}/Manifest.lock\" > /dev/null\nif [ $? != 0 ] ; then\n    # print error to STDERR\n    echo \"error: The sandbox is not in sync with the Podfile.lock. Run 'pod install' or update your CocoaPods installation.\" >&2\n    exit 1\nfi\n# This output is used by Xcode 'outputs' to avoid re-running this script phase.\necho \"SUCCESS\" > \"${SCRIPT_OUTPUT_FILE_0}\"\n";
			showEnvVarsInLog = 0;
		};
		3B379BBD4E1D0CFEE6870BAE /* [CP] Embed Pods Frameworks */ = {
			isa = PBXShellScriptBuildPhase;
			buildActionMask = 2147483647;
			files = (
			);
			inputFileListPaths = (
				"${PODS_ROOT}/Target Support Files/Pods-flixter/Pods-flixter-frameworks-${CONFIGURATION}-input-files.xcfilelist",
			);
			name = "[CP] Embed Pods Frameworks";
			outputFileListPaths = (
				"${PODS_ROOT}/Target Support Files/Pods-flixter/Pods-flixter-frameworks-${CONFIGURATION}-output-files.xcfilelist",
			);
			runOnlyForDeploymentPostprocessing = 0;
			shellPath = /bin/sh;
			shellScript = "\"${PODS_ROOT}/Target Support Files/Pods-flixter/Pods-flixter-frameworks.sh\"\n";
			showEnvVarsInLog = 0;
		};
		698B67F460CF6D38C52CD181 /* [CP] Check Pods Manifest.lock */ = {
			isa = PBXShellScriptBuildPhase;
			buildActionMask = 2147483647;
			files = (
			);
			inputFileListPaths = (
			);
			inputPaths = (
				"${PODS_PODFILE_DIR_PATH}/Podfile.lock",
				"${PODS_ROOT}/Manifest.lock",
			);
			name = "[CP] Check Pods Manifest.lock";
			outputFileListPaths = (
			);
			outputPaths = (
				"$(DERIVED_FILE_DIR)/Pods-flixterTests-checkManifestLockResult.txt",
			);
			runOnlyForDeploymentPostprocessing = 0;
			shellPath = /bin/sh;
			shellScript = "diff \"${PODS_PODFILE_DIR_PATH}/Podfile.lock\" \"${PODS_ROOT}/Manifest.lock\" > /dev/null\nif [ $? != 0 ] ; then\n    # print error to STDERR\n    echo \"error: The sandbox is not in sync with the Podfile.lock. Run 'pod install' or update your CocoaPods installation.\" >&2\n    exit 1\nfi\n# This output is used by Xcode 'outputs' to avoid re-running this script phase.\necho \"SUCCESS\" > \"${SCRIPT_OUTPUT_FILE_0}\"\n";
			showEnvVarsInLog = 0;
		};
		CBF6E314A110C83A68EBE18E /* [CP] Embed Pods Frameworks */ = {
			isa = PBXShellScriptBuildPhase;
			buildActionMask = 2147483647;
			files = (
			);
			inputFileListPaths = (
				"${PODS_ROOT}/Target Support Files/Pods-flixter-flixterUITests/Pods-flixter-flixterUITests-frameworks-${CONFIGURATION}-input-files.xcfilelist",
			);
			name = "[CP] Embed Pods Frameworks";
			outputFileListPaths = (
				"${PODS_ROOT}/Target Support Files/Pods-flixter-flixterUITests/Pods-flixter-flixterUITests-frameworks-${CONFIGURATION}-output-files.xcfilelist",
			);
			runOnlyForDeploymentPostprocessing = 0;
			shellPath = /bin/sh;
			shellScript = "\"${PODS_ROOT}/Target Support Files/Pods-flixter-flixterUITests/Pods-flixter-flixterUITests-frameworks.sh\"\n";
			showEnvVarsInLog = 0;
		};
		EE097D16396A790E5DFBEED5 /* [CP] Check Pods Manifest.lock */ = {
			isa = PBXShellScriptBuildPhase;
			buildActionMask = 2147483647;
			files = (
			);
			inputFileListPaths = (
			);
			inputPaths = (
				"${PODS_PODFILE_DIR_PATH}/Podfile.lock",
				"${PODS_ROOT}/Manifest.lock",
			);
			name = "[CP] Check Pods Manifest.lock";
			outputFileListPaths = (
			);
			outputPaths = (
				"$(DERIVED_FILE_DIR)/Pods-flixter-flixterUITests-checkManifestLockResult.txt",
			);
			runOnlyForDeploymentPostprocessing = 0;
			shellPath = /bin/sh;
			shellScript = "diff \"${PODS_PODFILE_DIR_PATH}/Podfile.lock\" \"${PODS_ROOT}/Manifest.lock\" > /dev/null\nif [ $? != 0 ] ; then\n    # print error to STDERR\n    echo \"error: The sandbox is not in sync with the Podfile.lock. Run 'pod install' or update your CocoaPods installation.\" >&2\n    exit 1\nfi\n# This output is used by Xcode 'outputs' to avoid re-running this script phase.\necho \"SUCCESS\" > \"${SCRIPT_OUTPUT_FILE_0}\"\n";
			showEnvVarsInLog = 0;
		};
/* End PBXShellScriptBuildPhase section */

/* Begin PBXSourcesBuildPhase section */
		4F0E11E124FEF260000E70EC /* Sources */ = {
			isa = PBXSourcesBuildPhase;
			buildActionMask = 2147483647;
			files = (
				4F0E11E924FEF260000E70EC /* AppDelegate.swift in Sources */,
				4F0E11EB24FEF260000E70EC /* SceneDelegate.swift in Sources */,
				4F0E121B24FF0817000E70EC /* MovieCell.swift in Sources */,
				4F0E121924FEF612000E70EC /* MoviesViewController.swift in Sources */,
			);
			runOnlyForDeploymentPostprocessing = 0;
		};
		4F0E11F724FEF263000E70EC /* Sources */ = {
			isa = PBXSourcesBuildPhase;
			buildActionMask = 2147483647;
			files = (
				4F0E120024FEF263000E70EC /* flixterTests.swift in Sources */,
			);
			runOnlyForDeploymentPostprocessing = 0;
		};
		4F0E120224FEF263000E70EC /* Sources */ = {
			isa = PBXSourcesBuildPhase;
			buildActionMask = 2147483647;
			files = (
				4F0E120B24FEF263000E70EC /* flixterUITests.swift in Sources */,
			);
			runOnlyForDeploymentPostprocessing = 0;
		};
/* End PBXSourcesBuildPhase section */

/* Begin PBXTargetDependency section */
		4F0E11FD24FEF263000E70EC /* PBXTargetDependency */ = {
			isa = PBXTargetDependency;
			target = 4F0E11E424FEF260000E70EC /* flixter */;
			targetProxy = 4F0E11FC24FEF263000E70EC /* PBXContainerItemProxy */;
		};
		4F0E120824FEF263000E70EC /* PBXTargetDependency */ = {
			isa = PBXTargetDependency;
			target = 4F0E11E424FEF260000E70EC /* flixter */;
			targetProxy = 4F0E120724FEF263000E70EC /* PBXContainerItemProxy */;
		};
/* End PBXTargetDependency section */

/* Begin PBXVariantGroup section */
		4F0E11EE24FEF260000E70EC /* Main.storyboard */ = {
			isa = PBXVariantGroup;
			children = (
				4F0E11EF24FEF260000E70EC /* Base */,
			);
			name = Main.storyboard;
			sourceTree = "<group>";
		};
		4F0E11F324FEF262000E70EC /* LaunchScreen.storyboard */ = {
			isa = PBXVariantGroup;
			children = (
				4F0E11F424FEF262000E70EC /* Base */,
			);
			name = LaunchScreen.storyboard;
			sourceTree = "<group>";
		};
/* End PBXVariantGroup section */

/* Begin XCBuildConfiguration section */
		4F0E120D24FEF263000E70EC /* Debug */ = {
			isa = XCBuildConfiguration;
			buildSettings = {
				ALWAYS_SEARCH_USER_PATHS = NO;
				CLANG_ANALYZER_NONNULL = YES;
				CLANG_ANALYZER_NUMBER_OBJECT_CONVERSION = YES_AGGRESSIVE;
				CLANG_CXX_LANGUAGE_STANDARD = "gnu++14";
				CLANG_CXX_LIBRARY = "libc++";
				CLANG_ENABLE_MODULES = YES;
				CLANG_ENABLE_OBJC_ARC = YES;
				CLANG_ENABLE_OBJC_WEAK = YES;
				CLANG_WARN_BLOCK_CAPTURE_AUTORELEASING = YES;
				CLANG_WARN_BOOL_CONVERSION = YES;
				CLANG_WARN_COMMA = YES;
				CLANG_WARN_CONSTANT_CONVERSION = YES;
				CLANG_WARN_DEPRECATED_OBJC_IMPLEMENTATIONS = YES;
				CLANG_WARN_DIRECT_OBJC_ISA_USAGE = YES_ERROR;
				CLANG_WARN_DOCUMENTATION_COMMENTS = YES;
				CLANG_WARN_EMPTY_BODY = YES;
				CLANG_WARN_ENUM_CONVERSION = YES;
				CLANG_WARN_INFINITE_RECURSION = YES;
				CLANG_WARN_INT_CONVERSION = YES;
				CLANG_WARN_NON_LITERAL_NULL_CONVERSION = YES;
				CLANG_WARN_OBJC_IMPLICIT_RETAIN_SELF = YES;
				CLANG_WARN_OBJC_LITERAL_CONVERSION = YES;
				CLANG_WARN_OBJC_ROOT_CLASS = YES_ERROR;
				CLANG_WARN_RANGE_LOOP_ANALYSIS = YES;
				CLANG_WARN_STRICT_PROTOTYPES = YES;
				CLANG_WARN_SUSPICIOUS_MOVE = YES;
				CLANG_WARN_UNGUARDED_AVAILABILITY = YES_AGGRESSIVE;
				CLANG_WARN_UNREACHABLE_CODE = YES;
				CLANG_WARN__DUPLICATE_METHOD_MATCH = YES;
				COPY_PHASE_STRIP = NO;
				DEBUG_INFORMATION_FORMAT = dwarf;
				ENABLE_STRICT_OBJC_MSGSEND = YES;
				ENABLE_TESTABILITY = YES;
				GCC_C_LANGUAGE_STANDARD = gnu11;
				GCC_DYNAMIC_NO_PIC = NO;
				GCC_NO_COMMON_BLOCKS = YES;
				GCC_OPTIMIZATION_LEVEL = 0;
				GCC_PREPROCESSOR_DEFINITIONS = (
					"DEBUG=1",
					"$(inherited)",
				);
				GCC_WARN_64_TO_32_BIT_CONVERSION = YES;
				GCC_WARN_ABOUT_RETURN_TYPE = YES_ERROR;
				GCC_WARN_UNDECLARED_SELECTOR = YES;
				GCC_WARN_UNINITIALIZED_AUTOS = YES_AGGRESSIVE;
				GCC_WARN_UNUSED_FUNCTION = YES;
				GCC_WARN_UNUSED_VARIABLE = YES;
				IPHONEOS_DEPLOYMENT_TARGET = 13.2;
				MTL_ENABLE_DEBUG_INFO = INCLUDE_SOURCE;
				MTL_FAST_MATH = YES;
				ONLY_ACTIVE_ARCH = YES;
				SDKROOT = iphoneos;
				SWIFT_ACTIVE_COMPILATION_CONDITIONS = DEBUG;
				SWIFT_OPTIMIZATION_LEVEL = "-Onone";
			};
			name = Debug;
		};
		4F0E120E24FEF263000E70EC /* Release */ = {
			isa = XCBuildConfiguration;
			buildSettings = {
				ALWAYS_SEARCH_USER_PATHS = NO;
				CLANG_ANALYZER_NONNULL = YES;
				CLANG_ANALYZER_NUMBER_OBJECT_CONVERSION = YES_AGGRESSIVE;
				CLANG_CXX_LANGUAGE_STANDARD = "gnu++14";
				CLANG_CXX_LIBRARY = "libc++";
				CLANG_ENABLE_MODULES = YES;
				CLANG_ENABLE_OBJC_ARC = YES;
				CLANG_ENABLE_OBJC_WEAK = YES;
				CLANG_WARN_BLOCK_CAPTURE_AUTORELEASING = YES;
				CLANG_WARN_BOOL_CONVERSION = YES;
				CLANG_WARN_COMMA = YES;
				CLANG_WARN_CONSTANT_CONVERSION = YES;
				CLANG_WARN_DEPRECATED_OBJC_IMPLEMENTATIONS = YES;
				CLANG_WARN_DIRECT_OBJC_ISA_USAGE = YES_ERROR;
				CLANG_WARN_DOCUMENTATION_COMMENTS = YES;
				CLANG_WARN_EMPTY_BODY = YES;
				CLANG_WARN_ENUM_CONVERSION = YES;
				CLANG_WARN_INFINITE_RECURSION = YES;
				CLANG_WARN_INT_CONVERSION = YES;
				CLANG_WARN_NON_LITERAL_NULL_CONVERSION = YES;
				CLANG_WARN_OBJC_IMPLICIT_RETAIN_SELF = YES;
				CLANG_WARN_OBJC_LITERAL_CONVERSION = YES;
				CLANG_WARN_OBJC_ROOT_CLASS = YES_ERROR;
				CLANG_WARN_RANGE_LOOP_ANALYSIS = YES;
				CLANG_WARN_STRICT_PROTOTYPES = YES;
				CLANG_WARN_SUSPICIOUS_MOVE = YES;
				CLANG_WARN_UNGUARDED_AVAILABILITY = YES_AGGRESSIVE;
				CLANG_WARN_UNREACHABLE_CODE = YES;
				CLANG_WARN__DUPLICATE_METHOD_MATCH = YES;
				COPY_PHASE_STRIP = NO;
				DEBUG_INFORMATION_FORMAT = "dwarf-with-dsym";
				ENABLE_NS_ASSERTIONS = NO;
				ENABLE_STRICT_OBJC_MSGSEND = YES;
				GCC_C_LANGUAGE_STANDARD = gnu11;
				GCC_NO_COMMON_BLOCKS = YES;
				GCC_WARN_64_TO_32_BIT_CONVERSION = YES;
				GCC_WARN_ABOUT_RETURN_TYPE = YES_ERROR;
				GCC_WARN_UNDECLARED_SELECTOR = YES;
				GCC_WARN_UNINITIALIZED_AUTOS = YES_AGGRESSIVE;
				GCC_WARN_UNUSED_FUNCTION = YES;
				GCC_WARN_UNUSED_VARIABLE = YES;
				IPHONEOS_DEPLOYMENT_TARGET = 13.2;
				MTL_ENABLE_DEBUG_INFO = NO;
				MTL_FAST_MATH = YES;
				SDKROOT = iphoneos;
				SWIFT_COMPILATION_MODE = wholemodule;
				SWIFT_OPTIMIZATION_LEVEL = "-O";
				VALIDATE_PRODUCT = YES;
			};
			name = Release;
		};
		4F0E121024FEF263000E70EC /* Debug */ = {
			isa = XCBuildConfiguration;
			baseConfigurationReference = AE99E6B16D1DCEFB7E602472 /* Pods-flixter.debug.xcconfig */;
			buildSettings = {
				ASSETCATALOG_COMPILER_APPICON_NAME = AppIcon;
				CODE_SIGN_STYLE = Automatic;
				DEVELOPMENT_TEAM = D8CVY7PSM9;
				INFOPLIST_FILE = flixter/Info.plist;
				LD_RUNPATH_SEARCH_PATHS = (
					"$(inherited)",
					"@executable_path/Frameworks",
				);
				PRODUCT_BUNDLE_IDENTIFIER = Codepath.flixter;
				PRODUCT_NAME = "$(TARGET_NAME)";
				SWIFT_VERSION = 5.0;
				TARGETED_DEVICE_FAMILY = "1,2";
			};
			name = Debug;
		};
		4F0E121124FEF263000E70EC /* Release */ = {
			isa = XCBuildConfiguration;
			baseConfigurationReference = EE6F11668361799EE467BFD7 /* Pods-flixter.release.xcconfig */;
			buildSettings = {
				ASSETCATALOG_COMPILER_APPICON_NAME = AppIcon;
				CODE_SIGN_STYLE = Automatic;
				DEVELOPMENT_TEAM = D8CVY7PSM9;
				INFOPLIST_FILE = flixter/Info.plist;
				LD_RUNPATH_SEARCH_PATHS = (
					"$(inherited)",
					"@executable_path/Frameworks",
				);
				PRODUCT_BUNDLE_IDENTIFIER = Codepath.flixter;
				PRODUCT_NAME = "$(TARGET_NAME)";
				SWIFT_VERSION = 5.0;
				TARGETED_DEVICE_FAMILY = "1,2";
			};
			name = Release;
		};
		4F0E121324FEF263000E70EC /* Debug */ = {
			isa = XCBuildConfiguration;
			baseConfigurationReference = 724BD0B25472D094E7A68AD6 /* Pods-flixterTests.debug.xcconfig */;
			buildSettings = {
				ALWAYS_EMBED_SWIFT_STANDARD_LIBRARIES = YES;
				BUNDLE_LOADER = "$(TEST_HOST)";
				CODE_SIGN_STYLE = Automatic;
				INFOPLIST_FILE = flixterTests/Info.plist;
				IPHONEOS_DEPLOYMENT_TARGET = 13.2;
				LD_RUNPATH_SEARCH_PATHS = (
					"$(inherited)",
					"@executable_path/Frameworks",
					"@loader_path/Frameworks",
				);
				PRODUCT_BUNDLE_IDENTIFIER = Codepath.flixterTests;
				PRODUCT_NAME = "$(TARGET_NAME)";
				SWIFT_VERSION = 5.0;
				TARGETED_DEVICE_FAMILY = "1,2";
				TEST_HOST = "$(BUILT_PRODUCTS_DIR)/flixter.app/flixter";
			};
			name = Debug;
		};
		4F0E121424FEF263000E70EC /* Release */ = {
			isa = XCBuildConfiguration;
			baseConfigurationReference = BED7F3F3748A1F28BDBF064A /* Pods-flixterTests.release.xcconfig */;
			buildSettings = {
				ALWAYS_EMBED_SWIFT_STANDARD_LIBRARIES = YES;
				BUNDLE_LOADER = "$(TEST_HOST)";
				CODE_SIGN_STYLE = Automatic;
				INFOPLIST_FILE = flixterTests/Info.plist;
				IPHONEOS_DEPLOYMENT_TARGET = 13.2;
				LD_RUNPATH_SEARCH_PATHS = (
					"$(inherited)",
					"@executable_path/Frameworks",
					"@loader_path/Frameworks",
				);
				PRODUCT_BUNDLE_IDENTIFIER = Codepath.flixterTests;
				PRODUCT_NAME = "$(TARGET_NAME)";
				SWIFT_VERSION = 5.0;
				TARGETED_DEVICE_FAMILY = "1,2";
				TEST_HOST = "$(BUILT_PRODUCTS_DIR)/flixter.app/flixter";
			};
			name = Release;
		};
		4F0E121624FEF263000E70EC /* Debug */ = {
			isa = XCBuildConfiguration;
			baseConfigurationReference = 20CB8922CD799B023BD84683 /* Pods-flixter-flixterUITests.debug.xcconfig */;
			buildSettings = {
				ALWAYS_EMBED_SWIFT_STANDARD_LIBRARIES = YES;
				CODE_SIGN_STYLE = Automatic;
				INFOPLIST_FILE = flixterUITests/Info.plist;
				LD_RUNPATH_SEARCH_PATHS = (
					"$(inherited)",
					"@executable_path/Frameworks",
					"@loader_path/Frameworks",
				);
				PRODUCT_BUNDLE_IDENTIFIER = Codepath.flixterUITests;
				PRODUCT_NAME = "$(TARGET_NAME)";
				SWIFT_VERSION = 5.0;
				TARGETED_DEVICE_FAMILY = "1,2";
				TEST_TARGET_NAME = flixter;
			};
			name = Debug;
		};
		4F0E121724FEF263000E70EC /* Release */ = {
			isa = XCBuildConfiguration;
			baseConfigurationReference = C4825EAA2F1FC18F3BFFE3F2 /* Pods-flixter-flixterUITests.release.xcconfig */;
			buildSettings = {
				ALWAYS_EMBED_SWIFT_STANDARD_LIBRARIES = YES;
				CODE_SIGN_STYLE = Automatic;
				INFOPLIST_FILE = flixterUITests/Info.plist;
				LD_RUNPATH_SEARCH_PATHS = (
					"$(inherited)",
					"@executable_path/Frameworks",
					"@loader_path/Frameworks",
				);
				PRODUCT_BUNDLE_IDENTIFIER = Codepath.flixterUITests;
				PRODUCT_NAME = "$(TARGET_NAME)";
				SWIFT_VERSION = 5.0;
				TARGETED_DEVICE_FAMILY = "1,2";
				TEST_TARGET_NAME = flixter;
			};
			name = Release;
		};
/* End XCBuildConfiguration section */

/* Begin XCConfigurationList section */
		4F0E11E024FEF260000E70EC /* Build configuration list for PBXProject "flixter" */ = {
			isa = XCConfigurationList;
			buildConfigurations = (
				4F0E120D24FEF263000E70EC /* Debug */,
				4F0E120E24FEF263000E70EC /* Release */,
			);
			defaultConfigurationIsVisible = 0;
			defaultConfigurationName = Release;
		};
		4F0E120F24FEF263000E70EC /* Build configuration list for PBXNativeTarget "flixter" */ = {
			isa = XCConfigurationList;
			buildConfigurations = (
				4F0E121024FEF263000E70EC /* Debug */,
				4F0E121124FEF263000E70EC /* Release */,
			);
			defaultConfigurationIsVisible = 0;
			defaultConfigurationName = Release;
		};
		4F0E121224FEF263000E70EC /* Build configuration list for PBXNativeTarget "flixterTests" */ = {
			isa = XCConfigurationList;
			buildConfigurations = (
				4F0E121324FEF263000E70EC /* Debug */,
				4F0E121424FEF263000E70EC /* Release */,
			);
			defaultConfigurationIsVisible = 0;
			defaultConfigurationName = Release;
		};
		4F0E121524FEF263000E70EC /* Build configuration list for PBXNativeTarget "flixterUITests" */ = {
			isa = XCConfigurationList;
			buildConfigurations = (
				4F0E121624FEF263000E70EC /* Debug */,
				4F0E121724FEF263000E70EC /* Release */,
			);
			defaultConfigurationIsVisible = 0;
			defaultConfigurationName = Release;
		};
/* End XCConfigurationList section */
	};
	rootObject = 4F0E11DD24FEF260000E70EC /* Project object */;
}
